
Microsoft Visual Studio Solution File, Format Version 12.00
# Visual Studio Version 16
VisualStudioVersion = 16.0.29613.14
MinimumVisualStudioVersion = 10.0.40219.1
Project("{FAE04EC0-301F-11D3-BF4B-00C04F79EFBC}") = "OMPlot", "OMPlot\OMPlot.csproj", "{2419AF5E-27A7-4745-AE46-C4672F562C59}"
EndProject
Project("{FAE04EC0-301F-11D3-BF4B-00C04F79EFBC}") = "OMPlot.Test", "OMPlot.Test\OMPlot.Test.csproj", "{185C19E8-9589-4CFC-8448-E7959314AE93}"
EndProject
Global
	GlobalSection(SolutionConfigurationPlatforms) = preSolution
		Debug|Any CPU = Debug|Any CPU
		Release|Any CPU = Release|Any CPU
	EndGlobalSection
	GlobalSection(ProjectConfigurationPlatforms) = postSolution
		{2419AF5E-27A7-4745-AE46-C4672F562C59}.Debug|Any CPU.ActiveCfg = Debug|Any CPU
		{2419AF5E-27A7-4745-AE46-C4672F562C59}.Debug|Any CPU.Build.0 = Debug|Any CPU
		{2419AF5E-27A7-4745-AE46-C4672F562C59}.Release|Any CPU.ActiveCfg = Release|Any CPU
		{2419AF5E-27A7-4745-AE46-C4672F562C59}.Release|Any CPU.Build.0 = Release|Any CPU
		{185C19E8-9589-4CFC-8448-E7959314AE93}.Debug|Any CPU.ActiveCfg = Debug|Any CPU
		{185C19E8-9589-4CFC-8448-E7959314AE93}.Debug|Any CPU.Build.0 = Debug|Any CPU
		{185C19E8-9589-4CFC-8448-E7959314AE93}.Release|Any CPU.ActiveCfg = Release|Any CPU
		{185C19E8-9589-4CFC-8448-E7959314AE93}.Release|Any CPU.Build.0 = Release|Any CPU
	EndGlobalSection
	GlobalSection(SolutionProperties) = preSolution
		HideSolutionNode = FALSE
	EndGlobalSection
	GlobalSection(ExtensibilityGlobals) = postSolution
		SolutionGuid = {20154B10-2919-42C6-864E-2A329559611C}
	EndGlobalSection
EndGlobal
